
Microsoft Visual Studio Solution File, Format Version 12.00
Project("{FAE04EC0-301F-11D3-BF4B-00C04F79EFBC}") = "Aphelion", "src\Aphelion\Aphelion.csproj", "{28903C5B-04DA-4719-A29A-3B105C6AADCC}"
EndProject
Project("{2150E333-8FDC-42A3-9474-1A3956D46DE8}") = "Tests", "Tests", "{EE94C18D-EA68-4285-83A7-47CF36D63742}"
EndProject
Project("{FAE04EC0-301F-11D3-BF4B-00C04F79EFBC}") = "Aphelion.Tests", "tests\Aphelion.Tests\Aphelion.Tests.csproj", "{2339E15E-87F9-47B4-A25C-E88A6D54E24C}"
EndProject
Project("{2150E333-8FDC-42A3-9474-1A3956D46DE8}") = "Samples", "Samples", "{FFA87D8A-37A0-4F25-A201-5F691A11C017}"
EndProject
Project("{FAE04EC0-301F-11D3-BF4B-00C04F79EFBC}") = "QuadRenderSample", "samples\QuadRenderSample\QuadRenderSample.csproj", "{B5535DD3-8BF2-401E-9CAE-00DC54A1FC17}"
EndProject
Project("{FAE04EC0-301F-11D3-BF4B-00C04F79EFBC}") = "TextRenderSample", "samples\TextRenderSample\TextRenderSample.csproj", "{49A0DE41-BD00-4C7C-A997-26649DE75E3D}"
EndProject
Project("{FAE04EC0-301F-11D3-BF4B-00C04F79EFBC}") = "TextureRenderSample", "samples\TextureRenderSample\TextureRenderSample.csproj", "{37ECBB38-8ABD-4889-AECF-10AB9FF54BC3}"
EndProject
Project("{FAE04EC0-301F-11D3-BF4B-00C04F79EFBC}") = "WorldUiRenderSample", "samples\WorldUiRenderSample\WorldUiRenderSample.csproj", "{AE1194D4-8EBC-4604-A3BB-30DB6C9B0B53}"
EndProject
Project("{FAE04EC0-301F-11D3-BF4B-00C04F79EFBC}") = "ColliderClickSample", "samples\ColliderClickSample\ColliderClickSample.csproj", "{4AE0E0C3-9983-4F88-9CEF-AA90E5E58DC1}"
EndProject
Project("{FAE04EC0-301F-11D3-BF4B-00C04F79EFBC}") = "AnimatedSpriteSample", "samples\AnimatedSpriteSample\AnimatedSpriteSample.csproj", "{67EC6FC5-BF28-4F65-BCA3-C6004222168D}"
EndProject
Global
	GlobalSection(SolutionConfigurationPlatforms) = preSolution
		Debug|Any CPU = Debug|Any CPU
		Debug|x64 = Debug|x64
		Debug|x86 = Debug|x86
		Release|Any CPU = Release|Any CPU
		Release|x64 = Release|x64
		Release|x86 = Release|x86
	EndGlobalSection
	GlobalSection(ProjectConfigurationPlatforms) = postSolution
		{28903C5B-04DA-4719-A29A-3B105C6AADCC}.Debug|Any CPU.ActiveCfg = Debug|Any CPU
		{28903C5B-04DA-4719-A29A-3B105C6AADCC}.Debug|Any CPU.Build.0 = Debug|Any CPU
		{28903C5B-04DA-4719-A29A-3B105C6AADCC}.Debug|x64.ActiveCfg = Debug|Any CPU
		{28903C5B-04DA-4719-A29A-3B105C6AADCC}.Debug|x64.Build.0 = Debug|Any CPU
		{28903C5B-04DA-4719-A29A-3B105C6AADCC}.Debug|x86.ActiveCfg = Debug|Any CPU
		{28903C5B-04DA-4719-A29A-3B105C6AADCC}.Debug|x86.Build.0 = Debug|Any CPU
		{28903C5B-04DA-4719-A29A-3B105C6AADCC}.Release|Any CPU.ActiveCfg = Release|Any CPU
		{28903C5B-04DA-4719-A29A-3B105C6AADCC}.Release|Any CPU.Build.0 = Release|Any CPU
		{28903C5B-04DA-4719-A29A-3B105C6AADCC}.Release|x64.ActiveCfg = Release|Any CPU
		{28903C5B-04DA-4719-A29A-3B105C6AADCC}.Release|x64.Build.0 = Release|Any CPU
		{28903C5B-04DA-4719-A29A-3B105C6AADCC}.Release|x86.ActiveCfg = Release|Any CPU
		{28903C5B-04DA-4719-A29A-3B105C6AADCC}.Release|x86.Build.0 = Release|Any CPU
		{2339E15E-87F9-47B4-A25C-E88A6D54E24C}.Debug|Any CPU.ActiveCfg = Debug|Any CPU
		{2339E15E-87F9-47B4-A25C-E88A6D54E24C}.Debug|Any CPU.Build.0 = Debug|Any CPU
		{2339E15E-87F9-47B4-A25C-E88A6D54E24C}.Debug|x64.ActiveCfg = Debug|Any CPU
		{2339E15E-87F9-47B4-A25C-E88A6D54E24C}.Debug|x64.Build.0 = Debug|Any CPU
		{2339E15E-87F9-47B4-A25C-E88A6D54E24C}.Debug|x86.ActiveCfg = Debug|Any CPU
		{2339E15E-87F9-47B4-A25C-E88A6D54E24C}.Debug|x86.Build.0 = Debug|Any CPU
		{2339E15E-87F9-47B4-A25C-E88A6D54E24C}.Release|Any CPU.ActiveCfg = Release|Any CPU
		{2339E15E-87F9-47B4-A25C-E88A6D54E24C}.Release|Any CPU.Build.0 = Release|Any CPU
		{2339E15E-87F9-47B4-A25C-E88A6D54E24C}.Release|x64.ActiveCfg = Release|Any CPU
		{2339E15E-87F9-47B4-A25C-E88A6D54E24C}.Release|x64.Build.0 = Release|Any CPU
		{2339E15E-87F9-47B4-A25C-E88A6D54E24C}.Release|x86.ActiveCfg = Release|Any CPU
		{2339E15E-87F9-47B4-A25C-E88A6D54E24C}.Release|x86.Build.0 = Release|Any CPU
		{B5535DD3-8BF2-401E-9CAE-00DC54A1FC17}.Debug|Any CPU.ActiveCfg = Debug|Any CPU
		{B5535DD3-8BF2-401E-9CAE-00DC54A1FC17}.Debug|Any CPU.Build.0 = Debug|Any CPU
		{B5535DD3-8BF2-401E-9CAE-00DC54A1FC17}.Debug|x64.ActiveCfg = Debug|Any CPU
		{B5535DD3-8BF2-401E-9CAE-00DC54A1FC17}.Debug|x64.Build.0 = Debug|Any CPU
		{B5535DD3-8BF2-401E-9CAE-00DC54A1FC17}.Debug|x86.ActiveCfg = Debug|Any CPU
		{B5535DD3-8BF2-401E-9CAE-00DC54A1FC17}.Debug|x86.Build.0 = Debug|Any CPU
		{B5535DD3-8BF2-401E-9CAE-00DC54A1FC17}.Release|Any CPU.ActiveCfg = Release|Any CPU
		{B5535DD3-8BF2-401E-9CAE-00DC54A1FC17}.Release|Any CPU.Build.0 = Release|Any CPU
		{B5535DD3-8BF2-401E-9CAE-00DC54A1FC17}.Release|x64.ActiveCfg = Release|Any CPU
		{B5535DD3-8BF2-401E-9CAE-00DC54A1FC17}.Release|x64.Build.0 = Release|Any CPU
		{B5535DD3-8BF2-401E-9CAE-00DC54A1FC17}.Release|x86.ActiveCfg = Release|Any CPU
		{B5535DD3-8BF2-401E-9CAE-00DC54A1FC17}.Release|x86.Build.0 = Release|Any CPU
		{49A0DE41-BD00-4C7C-A997-26649DE75E3D}.Debug|Any CPU.ActiveCfg = Debug|Any CPU
		{49A0DE41-BD00-4C7C-A997-26649DE75E3D}.Debug|Any CPU.Build.0 = Debug|Any CPU
		{49A0DE41-BD00-4C7C-A997-26649DE75E3D}.Debug|x64.ActiveCfg = Debug|Any CPU
		{49A0DE41-BD00-4C7C-A997-26649DE75E3D}.Debug|x64.Build.0 = Debug|Any CPU
		{49A0DE41-BD00-4C7C-A997-26649DE75E3D}.Debug|x86.ActiveCfg = Debug|Any CPU
		{49A0DE41-BD00-4C7C-A997-26649DE75E3D}.Debug|x86.Build.0 = Debug|Any CPU
		{49A0DE41-BD00-4C7C-A997-26649DE75E3D}.Release|Any CPU.ActiveCfg = Release|Any CPU
		{49A0DE41-BD00-4C7C-A997-26649DE75E3D}.Release|Any CPU.Build.0 = Release|Any CPU
		{49A0DE41-BD00-4C7C-A997-26649DE75E3D}.Release|x64.ActiveCfg = Release|Any CPU
		{49A0DE41-BD00-4C7C-A997-26649DE75E3D}.Release|x64.Build.0 = Release|Any CPU
		{49A0DE41-BD00-4C7C-A997-26649DE75E3D}.Release|x86.ActiveCfg = Release|Any CPU
		{49A0DE41-BD00-4C7C-A997-26649DE75E3D}.Release|x86.Build.0 = Release|Any CPU
		{37ECBB38-8ABD-4889-AECF-10AB9FF54BC3}.Debug|Any CPU.ActiveCfg = Debug|Any CPU
		{37ECBB38-8ABD-4889-AECF-10AB9FF54BC3}.Debug|Any CPU.Build.0 = Debug|Any CPU
		{37ECBB38-8ABD-4889-AECF-10AB9FF54BC3}.Debug|x64.ActiveCfg = Debug|Any CPU
		{37ECBB38-8ABD-4889-AECF-10AB9FF54BC3}.Debug|x64.Build.0 = Debug|Any CPU
		{37ECBB38-8ABD-4889-AECF-10AB9FF54BC3}.Debug|x86.ActiveCfg = Debug|Any CPU
		{37ECBB38-8ABD-4889-AECF-10AB9FF54BC3}.Debug|x86.Build.0 = Debug|Any CPU
		{37ECBB38-8ABD-4889-AECF-10AB9FF54BC3}.Release|Any CPU.ActiveCfg = Release|Any CPU
		{37ECBB38-8ABD-4889-AECF-10AB9FF54BC3}.Release|Any CPU.Build.0 = Release|Any CPU
		{37ECBB38-8ABD-4889-AECF-10AB9FF54BC3}.Release|x64.ActiveCfg = Release|Any CPU
		{37ECBB38-8ABD-4889-AECF-10AB9FF54BC3}.Release|x64.Build.0 = Release|Any CPU
		{37ECBB38-8ABD-4889-AECF-10AB9FF54BC3}.Release|x86.ActiveCfg = Release|Any CPU
		{37ECBB38-8ABD-4889-AECF-10AB9FF54BC3}.Release|x86.Build.0 = Release|Any CPU
		{AE1194D4-8EBC-4604-A3BB-30DB6C9B0B53}.Debug|Any CPU.ActiveCfg = Debug|Any CPU
		{AE1194D4-8EBC-4604-A3BB-30DB6C9B0B53}.Debug|Any CPU.Build.0 = Debug|Any CPU
		{AE1194D4-8EBC-4604-A3BB-30DB6C9B0B53}.Debug|x64.ActiveCfg = Debug|Any CPU
		{AE1194D4-8EBC-4604-A3BB-30DB6C9B0B53}.Debug|x64.Build.0 = Debug|Any CPU
		{AE1194D4-8EBC-4604-A3BB-30DB6C9B0B53}.Debug|x86.ActiveCfg = Debug|Any CPU
		{AE1194D4-8EBC-4604-A3BB-30DB6C9B0B53}.Debug|x86.Build.0 = Debug|Any CPU
		{AE1194D4-8EBC-4604-A3BB-30DB6C9B0B53}.Release|Any CPU.ActiveCfg = Release|Any CPU
		{AE1194D4-8EBC-4604-A3BB-30DB6C9B0B53}.Release|Any CPU.Build.0 = Release|Any CPU
		{AE1194D4-8EBC-4604-A3BB-30DB6C9B0B53}.Release|x64.ActiveCfg = Release|Any CPU
		{AE1194D4-8EBC-4604-A3BB-30DB6C9B0B53}.Release|x64.Build.0 = Release|Any CPU
		{AE1194D4-8EBC-4604-A3BB-30DB6C9B0B53}.Release|x86.ActiveCfg = Release|Any CPU
		{AE1194D4-8EBC-4604-A3BB-30DB6C9B0B53}.Release|x86.Build.0 = Release|Any CPU
		{4AE0E0C3-9983-4F88-9CEF-AA90E5E58DC1}.Debug|Any CPU.ActiveCfg = Debug|Any CPU
		{4AE0E0C3-9983-4F88-9CEF-AA90E5E58DC1}.Debug|Any CPU.Build.0 = Debug|Any CPU
		{4AE0E0C3-9983-4F88-9CEF-AA90E5E58DC1}.Debug|x64.ActiveCfg = Debug|Any CPU
		{4AE0E0C3-9983-4F88-9CEF-AA90E5E58DC1}.Debug|x64.Build.0 = Debug|Any CPU
		{4AE0E0C3-9983-4F88-9CEF-AA90E5E58DC1}.Debug|x86.ActiveCfg = Debug|Any CPU
		{4AE0E0C3-9983-4F88-9CEF-AA90E5E58DC1}.Debug|x86.Build.0 = Debug|Any CPU
		{4AE0E0C3-9983-4F88-9CEF-AA90E5E58DC1}.Release|Any CPU.ActiveCfg = Release|Any CPU
		{4AE0E0C3-9983-4F88-9CEF-AA90E5E58DC1}.Release|Any CPU.Build.0 = Release|Any CPU
		{4AE0E0C3-9983-4F88-9CEF-AA90E5E58DC1}.Release|x64.ActiveCfg = Release|Any CPU
		{4AE0E0C3-9983-4F88-9CEF-AA90E5E58DC1}.Release|x64.Build.0 = Release|Any CPU
		{4AE0E0C3-9983-4F88-9CEF-AA90E5E58DC1}.Release|x86.ActiveCfg = Release|Any CPU
		{4AE0E0C3-9983-4F88-9CEF-AA90E5E58DC1}.Release|x86.Build.0 = Release|Any CPU
		{67EC6FC5-BF28-4F65-BCA3-C6004222168D}.Debug|Any CPU.ActiveCfg = Debug|Any CPU
		{67EC6FC5-BF28-4F65-BCA3-C6004222168D}.Debug|Any CPU.Build.0 = Debug|Any CPU
		{67EC6FC5-BF28-4F65-BCA3-C6004222168D}.Debug|x64.ActiveCfg = Debug|Any CPU
		{67EC6FC5-BF28-4F65-BCA3-C6004222168D}.Debug|x64.Build.0 = Debug|Any CPU
		{67EC6FC5-BF28-4F65-BCA3-C6004222168D}.Debug|x86.ActiveCfg = Debug|Any CPU
		{67EC6FC5-BF28-4F65-BCA3-C6004222168D}.Debug|x86.Build.0 = Debug|Any CPU
		{67EC6FC5-BF28-4F65-BCA3-C6004222168D}.Release|Any CPU.ActiveCfg = Release|Any CPU
		{67EC6FC5-BF28-4F65-BCA3-C6004222168D}.Release|Any CPU.Build.0 = Release|Any CPU
		{67EC6FC5-BF28-4F65-BCA3-C6004222168D}.Release|x64.ActiveCfg = Release|Any CPU
		{67EC6FC5-BF28-4F65-BCA3-C6004222168D}.Release|x64.Build.0 = Release|Any CPU
		{67EC6FC5-BF28-4F65-BCA3-C6004222168D}.Release|x86.ActiveCfg = Release|Any CPU
		{67EC6FC5-BF28-4F65-BCA3-C6004222168D}.Release|x86.Build.0 = Release|Any CPU
	EndGlobalSection
	GlobalSection(SolutionProperties) = preSolution
		HideSolutionNode = FALSE
	EndGlobalSection
	GlobalSection(NestedProjects) = preSolution
		{2339E15E-87F9-47B4-A25C-E88A6D54E24C} = {EE94C18D-EA68-4285-83A7-47CF36D63742}
		{B5535DD3-8BF2-401E-9CAE-00DC54A1FC17} = {FFA87D8A-37A0-4F25-A201-5F691A11C017}
		{49A0DE41-BD00-4C7C-A997-26649DE75E3D} = {FFA87D8A-37A0-4F25-A201-5F691A11C017}
		{37ECBB38-8ABD-4889-AECF-10AB9FF54BC3} = {FFA87D8A-37A0-4F25-A201-5F691A11C017}
		{AE1194D4-8EBC-4604-A3BB-30DB6C9B0B53} = {FFA87D8A-37A0-4F25-A201-5F691A11C017}
		{4AE0E0C3-9983-4F88-9CEF-AA90E5E58DC1} = {FFA87D8A-37A0-4F25-A201-5F691A11C017}
		{67EC6FC5-BF28-4F65-BCA3-C6004222168D} = {FFA87D8A-37A0-4F25-A201-5F691A11C017}
	EndGlobalSection
EndGlobal
